
Microsoft Visual Studio Solution File, Format Version 12.00
# Visual Studio 14
VisualStudioVersion = 14.0.24720.0
MinimumVisualStudioVersion = 10.0.40219.1
Project("{FAE04EC0-301F-11D3-BF4B-00C04F79EFBC}") = "Server", "Server\Server.csproj", "{287251A5-5886-4F43-9575-CD007B5F0E86}"
EndProject
Project("{FAE04EC0-301F-11D3-BF4B-00C04F79EFBC}") = "Client", "Client\Client.csproj", "{B6986B23-AF44-455D-9971-32F6696BDCC2}"
	ProjectSection(ProjectDependencies) = postProject
		{287251A5-5886-4F43-9575-CD007B5F0E86} = {287251A5-5886-4F43-9575-CD007B5F0E86}
	EndProjectSection
EndProject
Project("{FAE04EC0-301F-11D3-BF4B-00C04F79EFBC}") = "Test", "Test\Test.csproj", "{645D0F47-92F2-406E-A90B-5C912CDC884B}"
EndProject
Global
	GlobalSection(SolutionConfigurationPlatforms) = preSolution
		Debug|Any CPU = Debug|Any CPU
		Release|Any CPU = Release|Any CPU
	EndGlobalSection
	GlobalSection(ProjectConfigurationPlatforms) = postSolution
		{287251A5-5886-4F43-9575-CD007B5F0E86}.Debug|Any CPU.ActiveCfg = Debug|Any CPU
		{287251A5-5886-4F43-9575-CD007B5F0E86}.Debug|Any CPU.Build.0 = Debug|Any CPU
		{287251A5-5886-4F43-9575-CD007B5F0E86}.Release|Any CPU.ActiveCfg = Release|Any CPU
		{287251A5-5886-4F43-9575-CD007B5F0E86}.Release|Any CPU.Build.0 = Release|Any CPU
		{B6986B23-AF44-455D-9971-32F6696BDCC2}.Debug|Any CPU.ActiveCfg = Debug|Any CPU
		{B6986B23-AF44-455D-9971-32F6696BDCC2}.Debug|Any CPU.Build.0 = Debug|Any CPU
		{B6986B23-AF44-455D-9971-32F6696BDCC2}.Release|Any CPU.ActiveCfg = Release|Any CPU
		{B6986B23-AF44-455D-9971-32F6696BDCC2}.Release|Any CPU.Build.0 = Release|Any CPU
		{645D0F47-92F2-406E-A90B-5C912CDC884B}.Debug|Any CPU.ActiveCfg = Debug|Any CPU
		{645D0F47-92F2-406E-A90B-5C912CDC884B}.Debug|Any CPU.Build.0 = Debug|Any CPU
		{645D0F47-92F2-406E-A90B-5C912CDC884B}.Release|Any CPU.ActiveCfg = Release|Any CPU
		{645D0F47-92F2-406E-A90B-5C912CDC884B}.Release|Any CPU.Build.0 = Release|Any CPU
	EndGlobalSection
	GlobalSection(SolutionProperties) = preSolution
		HideSolutionNode = FALSE
	EndGlobalSection
EndGlobal
